{
  "nodes": {
    "nixpkgs": {
      "locked": {
        "lastModified": 1739484910,
        "narHash": "sha256-wjWLzdM7PIq4ZAe7k3vyjtgVJn6b0UeodtRFlM/6W5U=",
        "owner": "NixOS",
        "repo": "nixpkgs",
        "rev": "0b73e36b1962620a8ac551a37229dd8662dac5c8",
        "type": "github"
      },
      "original": {
        "owner": "NixOS",
        "ref": "nixos-24.11",
        "repo": "nixpkgs",
        "type": "github"
      }
    },
    "root": {
      "inputs": {
        "nixpkgs": "nixpkgs",
        "serene": "serene"
      }
    },
    "serene": {
      "inputs": {
        "nixpkgs": [
          "nixpkgs"
        ]
      },
      "locked": {
        "lastModified": 1739652717,
        "narHash": "sha256-ugxD/YzcoHva1qhYXMpxWGgYP02AQeG2v9gGyJMUlls=",
        "owner": "artemisYo",
        "repo": "serene",
        "rev": "09ec5dfc43205a1a7aa4703c30b2c396a7cbab8a",
        "type": "github"
      },
      "original": {
        "owner": "artemisYo",
        "repo": "serene",
        "type": "github"
      }
    }
  },
  "root": "root",
  "version": 7
}
